<Solution>
  <Folder Name="/方案項目/">
    <File Path=".editorconfig" />
    <File Path=".gitattributes" />
    <File Path=".gitignore" />
    <File Path="GEMINI.md" />
    <File Path="LICENSE" />
    <File Path="README.md" />
  </Folder>
  <Folder Name="/方案項目/.github/" />

  <Folder Name="/方案項目/.github/workflows/">
    <File Path=".github/workflows/ci.yml" />
    <File Path=".github/workflows/release.yml" />
  </Folder>
  <Project Path="src/InputBox/InputBox.csproj" />
</Solution>
